<?xml version="1.0" encoding="utf-8"?>
<Project ToolsVersion="4.0" xmlns="http://schemas.microsoft.com/developer/msbuild/2003">
  <ItemGroup>
    <Filter Include="Source Files">
      <UniqueIdentifier>{4FC737F1-C7A5-4376-A066-2A32D752A2FF}</UniqueIdentifier>
      <Extensions>cpp;c;cc;cxx;def;odl;idl;hpj;bat;asm;asmx</Extensions>
    </Filter>
    <Filter Include="Header Files">
      <UniqueIdentifier>{93995380-89BD-4b04-88EB-625FBE52EBFB}</UniqueIdentifier>
      <Extensions>h;hh;hpp;hxx;hm;inl;inc;xsd</Extensions>
    </Filter>
    <Filter Include="Resource Files">
      <UniqueIdentifier>{67DA6AB6-F800-4c08-8B7A-83BB121AAD01}</UniqueIdentifier>
      <Extensions>rc;ico;cur;bmp;dlg;rc2;rct;bin;rgs;gif;jpg;jpeg;jpe;resx;tiff;tif;png;wav;mfcribbon-ms</Extensions>
    </Filter>
  </ItemGroup>
  <ItemGroup>
    <Text Include="ReadMe.txt" />
    <Text Include="include\readme.txt" />
  </ItemGroup>
  <ItemGroup>
    <ClInclude Include="src\PressX.h">
      <Filter>Header Files</Filter>
    </ClInclude>
    <ClInclude Include="Resource.h">
      <Filter>Header Files</Filter>
    </ClInclude>
    <ClInclude Include="src\px\fn\generator.h">
      <Filter>Header Files</Filter>
    </ClInclude>
    <ClInclude Include="src\px\ability.h">
      <Filter>Header Files</Filter>
    </ClInclude>
    <ClInclude Include="src\px\appearance.h">
      <Filter>Header Files</Filter>
    </ClInclude>
    <ClInclude Include="src\px\bar.h">
      <Filter>Header Files</Filter>
    </ClInclude>
    <ClInclude Include="src\px\broadcast.h">
      <Filter>Header Files</Filter>
    </ClInclude>
    <ClInclude Include="src\px\color.h">
      <Filter>Header Files</Filter>
    </ClInclude>
    <ClInclude Include="src\px\control.h">
      <Filter>Header Files</Filter>
    </ClInclude>
    <ClInclude Include="src\px\coordinate.h">
      <Filter>Header Files</Filter>
    </ClInclude>
    <ClInclude Include="src\px\core.h">
      <Filter>Header Files</Filter>
    </ClInclude>
    <ClInclude Include="src\px\delegate_action.h">
      <Filter>Header Files</Filter>
    </ClInclude>
    <ClInclude Include="src\px\game.h">
      <Filter>Header Files</Filter>
    </ClInclude>
    <ClInclude Include="src\px\io.h">
      <Filter>Header Files</Filter>
    </ClInclude>
    <ClInclude Include="src\px\key.h">
      <Filter>Header Files</Filter>
    </ClInclude>
    <ClInclude Include="src\px\library.h">
      <Filter>Header Files</Filter>
    </ClInclude>
    <ClInclude Include="src\px\map.h">
      <Filter>Header Files</Filter>
    </ClInclude>
    <ClInclude Include="src\px\performance_timer.h">
      <Filter>Header Files</Filter>
    </ClInclude>
    <ClInclude Include="src\px\point.h">
      <Filter>Header Files</Filter>
    </ClInclude>
    <ClInclude Include="src\px\projectile.h">
      <Filter>Header Files</Filter>
    </ClInclude>
    <ClInclude Include="src\px\reader.h">
      <Filter>Header Files</Filter>
    </ClInclude>
    <ClInclude Include="src\px\resource.h">
      <Filter>Header Files</Filter>
    </ClInclude>
    <ClInclude Include="src\px\scene.h">
      <Filter>Header Files</Filter>
    </ClInclude>
    <ClInclude Include="src\px\serializer.h">
      <Filter>Header Files</Filter>
    </ClInclude>
    <ClInclude Include="src\px\shadowcasting.h">
      <Filter>Header Files</Filter>
    </ClInclude>
    <ClInclude Include="src\px\string.h">
      <Filter>Header Files</Filter>
    </ClInclude>
    <ClInclude Include="src\px\tile.h">
      <Filter>Header Files</Filter>
    </ClInclude>
    <ClInclude Include="src\px\user_ability.h">
      <Filter>Header Files</Filter>
    </ClInclude>
    <ClInclude Include="src\px\vector.h">
      <Filter>Header Files</Filter>
    </ClInclude>
    <ClInclude Include="src\px\world.h">
      <Filter>Header Files</Filter>
    </ClInclude>
    <ClInclude Include="src\px\writer.h">
      <Filter>Header Files</Filter>
    </ClInclude>
    <ClInclude Include="src\stdafx.h">
      <Filter>Header Files</Filter>
    </ClInclude>
    <ClInclude Include="src\targetver.h">
      <Filter>Header Files</Filter>
    </ClInclude>
    <ClInclude Include="src\px\shell\vao.h">
      <Filter>Header Files</Filter>
    </ClInclude>
    <ClInclude Include="src\px\shell\glsl.h">
      <Filter>Header Files</Filter>
    </ClInclude>
    <ClInclude Include="src\px\shell\renderer.h">
      <Filter>Header Files</Filter>
    </ClInclude>
    <ClInclude Include="src\px\shell\wingl.h">
      <Filter>Header Files</Filter>
    </ClInclude>
    <ClInclude Include="src\px\shell\opengl.h">
      <Filter>Header Files</Filter>
    </ClInclude>
    <ClInclude Include="src\px\shell\font.h">
      <Filter>Header Files</Filter>
    </ClInclude>
    <ClInclude Include="src\px\shell\avatar.h">
      <Filter>Header Files</Filter>
    </ClInclude>
    <ClInclude Include="src\px\fn\automata.h">
      <Filter>Header Files</Filter>
    </ClInclude>
    <ClInclude Include="src\px\shell\notification.h">
      <Filter>Header Files</Filter>
    </ClInclude>
    <ClInclude Include="src\px\shell\perception.h">
      <Filter>Header Files</Filter>
    </ClInclude>
    <ClInclude Include="src\px\rl\actor.h">
      <Filter>Header Files</Filter>
    </ClInclude>
    <ClInclude Include="src\px\rl\attribute.h">
      <Filter>Header Files</Filter>
    </ClInclude>
    <ClInclude Include="src\px\rl\character.h">
      <Filter>Header Files</Filter>
    </ClInclude>
    <ClInclude Include="src\px\rl\deposit.h">
      <Filter>Header Files</Filter>
    </ClInclude>
    <ClInclude Include="src\px\rl\door.h">
      <Filter>Header Files</Filter>
    </ClInclude>
    <ClInclude Include="src\px\rl\entity.h">
      <Filter>Header Files</Filter>
    </ClInclude>
    <ClInclude Include="src\px\rl\npc.h">
      <Filter>Header Files</Filter>
    </ClInclude>
    <ClInclude Include="src\px\rl\person.h">
      <Filter>Header Files</Filter>
    </ClInclude>
    <ClInclude Include="src\px\rl\player.h">
      <Filter>Header Files</Filter>
    </ClInclude>
    <ClInclude Include="src\px\rl\unit.h">
      <Filter>Header Files</Filter>
    </ClInclude>
    <ClInclude Include="src\px\rl\skill.h">
      <Filter>Header Files</Filter>
    </ClInclude>
    <ClInclude Include="src\px\rl\statistics.h">
      <Filter>Header Files</Filter>
    </ClInclude>
    <ClInclude Include="src\px\rl\status.h">
      <Filter>Header Files</Filter>
    </ClInclude>
    <ClInclude Include="src\px\rl\inventory.h">
      <Filter>Header Files</Filter>
    </ClInclude>
    <ClInclude Include="src\px\rl\enhancement.h">
      <Filter>Header Files</Filter>
    </ClInclude>
    <ClInclude Include="src\px\rl\effect.h">
      <Filter>Header Files</Filter>
    </ClInclude>
    <ClInclude Include="src\px\rl\item.h">
      <Filter>Header Files</Filter>
    </ClInclude>
    <ClInclude Include="src\px\ui\status_panel.h">
      <Filter>Header Files</Filter>
    </ClInclude>
    <ClInclude Include="src\px\ui\symbol.h">
      <Filter>Header Files</Filter>
    </ClInclude>
    <ClInclude Include="src\px\ui\panel.h">
      <Filter>Header Files</Filter>
    </ClInclude>
    <ClInclude Include="src\px\ui\canvas.h">
      <Filter>Header Files</Filter>
    </ClInclude>
    <ClInclude Include="src\px\shell\key_bindings.h">
      <Filter>Header Files</Filter>
    </ClInclude>
    <ClInclude Include="src\px\shell\game_control.h">
      <Filter>Header Files</Filter>
    </ClInclude>
  </ItemGroup>
  <ItemGroup>
    <ClCompile Include="src\PressX.cpp">
      <Filter>Source Files</Filter>
    </ClCompile>
    <ClCompile Include="src\px\fn\generator.cpp">
      <Filter>Source Files</Filter>
    </ClCompile>
    <ClCompile Include="src\px\game.cpp">
      <Filter>Source Files</Filter>
    </ClCompile>
    <ClCompile Include="src\px\scene.cpp">
      <Filter>Source Files</Filter>
    </ClCompile>
    <ClCompile Include="src\px\world.cpp">
      <Filter>Source Files</Filter>
    </ClCompile>
    <ClCompile Include="src\stdafx.cpp">
      <Filter>Source Files</Filter>
    </ClCompile>
    <ClCompile Include="src\px\shell\renderer.cpp">
      <Filter>Source Files</Filter>
    </ClCompile>
    <ClCompile Include="src\px\shell\wingl.cpp">
      <Filter>Source Files</Filter>
    </ClCompile>
    <ClCompile Include="src\px\shell\opengl.cpp">
      <Filter>Source Files</Filter>
    </ClCompile>
    <ClCompile Include="src\px\shell\font.cpp">
      <Filter>Source Files</Filter>
    </ClCompile>
    <ClCompile Include="src\px\shell\perception.cpp">
      <Filter>Source Files</Filter>
    </ClCompile>
    <ClCompile Include="src\px\rl\character.cpp">
      <Filter>Source Files</Filter>
    </ClCompile>
    <ClCompile Include="src\px\rl\entity.cpp">
      <Filter>Source Files</Filter>
    </ClCompile>
    <ClCompile Include="src\px\rl\player.cpp">
      <Filter>Source Files</Filter>
    </ClCompile>
    <ClCompile Include="src\px\rl\unit.cpp">
      <Filter>Source Files</Filter>
    </ClCompile>
    <ClCompile Include="src\px\ui\status_panel.cpp">
      <Filter>Source Files</Filter>
    </ClCompile>
    <ClCompile Include="src\px\ui\panel.cpp">
      <Filter>Source Files</Filter>
    </ClCompile>
    <ClCompile Include="src\px\ui\canvas.cpp">
      <Filter>Source Files</Filter>
    </ClCompile>
  </ItemGroup>
  <ItemGroup>
    <Image Include="small.ico">
      <Filter>Resource Files</Filter>
    </Image>
    <Image Include="PressX.ico">
      <Filter>Resource Files</Filter>
    </Image>
  </ItemGroup>
  <ItemGroup>
    <ResourceCompile Include="PressX.rc">
      <Filter>Resource Files</Filter>
    </ResourceCompile>
  </ItemGroup>
  <ItemGroup>
    <None Include="config\shaders\ground.frag" />
    <None Include="config\shaders\ground.vert" />
    <None Include="config\shaders\scene.frag" />
    <None Include="config\shaders\scene.vert" />
    <None Include="config\shaders\tiles.frag" />
    <None Include="config\shaders\tiles.vert" />
    <None Include="config\shaders\units.frag" />
    <None Include="config\shaders\units.vert" />
    <None Include="config\shaders\light.frag" />
    <None Include="config\shaders\light.vert" />
    <None Include="config\shaders\notify.vert" />
    <None Include="config\shaders\notify.frag" />
    <None Include="config\shaders\uiback.frag" />
    <None Include="config\shaders\uiback.vert" />
    <None Include="config\shaders\uitext.frag" />
    <None Include="config\shaders\uitext.vert" />
  </ItemGroup>
</Project>